
Microsoft Visual Studio Solution File, Format Version 12.00
# Visual Studio Version 17
VisualStudioVersion = 17.2.32616.157
MinimumVisualStudioVersion = 10.0.40219.1
Project("{FAE04EC0-301F-11D3-BF4B-00C04F79EFBC}") = "Emloyee Management System", "Emloyee Management System\Emloyee Management System.csproj", "{3C3FE5F3-0252-46C1-814E-CFC9B480092D}"
EndProject
Global
	GlobalSection(SolutionConfigurationPlatforms) = preSolution
		Debug|Any CPU = Debug|Any CPU
		Release|Any CPU = Release|Any CPU
	EndGlobalSection
	GlobalSection(ProjectConfigurationPlatforms) = postSolution
		{3C3FE5F3-0252-46C1-814E-CFC9B480092D}.Debug|Any CPU.ActiveCfg = Debug|Any CPU
		{3C3FE5F3-0252-46C1-814E-CFC9B480092D}.Debug|Any CPU.Build.0 = Debug|Any CPU
		{3C3FE5F3-0252-46C1-814E-CFC9B480092D}.Release|Any CPU.ActiveCfg = Release|Any CPU
		{3C3FE5F3-0252-46C1-814E-CFC9B480092D}.Release|Any CPU.Build.0 = Release|Any CPU
	EndGlobalSection
	GlobalSection(SolutionProperties) = preSolution
		HideSolutionNode = FALSE
	EndGlobalSection
	GlobalSection(ExtensibilityGlobals) = postSolution
		SolutionGuid = {B85FB1E6-78D0-4F00-BB70-926171A45EFA}
	EndGlobalSection
EndGlobal
